{
  "name": "01-sellshop",
  "version": "1.0.0",
  "lockfileVersion": 1,
  "requires": true,
  "dependencies": {
    "vant-weapp": {
      "version": "0.5.1",
      "resolved": "https://registry.npmjs.org/vant-weapp/-/vant-weapp-0.5.1.tgz",
      "integrity": "sha512-/ZwKC4S42hEmZURGJ61xHx5EincQk9CdqZohmSjfwTaSFw3auneU2uMLVJs3/0RuvRvMfsbDlNpWUQaSSqjLYA=="
    }
  }
}
